// !$*UTF8*$!
{
	archiveVersion = 1;
	classes = {
	};
	objectVersion = 56;
	objects = {

/* Begin PBXBuildFile section */
		AF9776162CCAC481006244E4 /* AppDelegate.swift in Sources */ = {isa = PBXBuildFile; fileRef = AF9776152CCAC481006244E4 /* AppDelegate.swift */; };
		AF9776182CCAC481006244E4 /* SceneDelegate.swift in Sources */ = {isa = PBXBuildFile; fileRef = AF9776172CCAC481006244E4 /* SceneDelegate.swift */; };
		AF97761A2CCAC481006244E4 /* ViewController.swift in Sources */ = {isa = PBXBuildFile; fileRef = AF9776192CCAC481006244E4 /* ViewController.swift */; };
		AF97761F2CCAC483006244E4 /* Assets.xcassets in Resources */ = {isa = PBXBuildFile; fileRef = AF97761E2CCAC483006244E4 /* Assets.xcassets */; };
		AF9776222CCAC483006244E4 /* LaunchScreen.storyboard in Resources */ = {isa = PBXBuildFile; fileRef = AF9776202CCAC483006244E4 /* LaunchScreen.storyboard */; };
		AF97762E2CCAC791006244E4 /* MentorsListVC.swift in Sources */ = {isa = PBXBuildFile; fileRef = AF97762D2CCAC791006244E4 /* MentorsListVC.swift */; };
		AF9776312CCACAFA006244E4 /* MentorCustomCell.swift in Sources */ = {isa = PBXBuildFile; fileRef = AF9776302CCACAFA006244E4 /* MentorCustomCell.swift */; };
/* End PBXBuildFile section */

/* Begin PBXFileReference section */
		AF9776122CCAC481006244E4 /* hwFiveFinalVersion.app */ = {isa = PBXFileReference; explicitFileType = wrapper.application; includeInIndex = 0; path = hwFiveFinalVersion.app; sourceTree = BUILT_PRODUCTS_DIR; };
		AF9776152CCAC481006244E4 /* AppDelegate.swift */ = {isa = PBXFileReference; lastKnownFileType = sourcecode.swift; path = AppDelegate.swift; sourceTree = "<group>"; };
		AF9776172CCAC481006244E4 /* SceneDelegate.swift */ = {isa = PBXFileReference; lastKnownFileType = sourcecode.swift; path = SceneDelegate.swift; sourceTree = "<group>"; };
		AF9776192CCAC481006244E4 /* ViewController.swift */ = {isa = PBXFileReference; lastKnownFileType = sourcecode.swift; path = ViewController.swift; sourceTree = "<group>"; };
		AF97761E2CCAC483006244E4 /* Assets.xcassets */ = {isa = PBXFileReference; lastKnownFileType = folder.assetcatalog; path = Assets.xcassets; sourceTree = "<group>"; };
		AF9776212CCAC483006244E4 /* Base */ = {isa = PBXFileReference; lastKnownFileType = file.storyboard; name = Base; path = Base.lproj/LaunchScreen.storyboard; sourceTree = "<group>"; };
		AF9776232CCAC483006244E4 /* Info.plist */ = {isa = PBXFileReference; lastKnownFileType = text.plist.xml; path = Info.plist; sourceTree = "<group>"; };
		AF97762D2CCAC791006244E4 /* MentorsListVC.swift */ = {isa = PBXFileReference; lastKnownFileType = sourcecode.swift; path = MentorsListVC.swift; sourceTree = "<group>"; };
		AF9776302CCACAFA006244E4 /* MentorCustomCell.swift */ = {isa = PBXFileReference; lastKnownFileType = sourcecode.swift; path = MentorCustomCell.swift; sourceTree = "<group>"; };
/* End PBXFileReference section */

/* Begin PBXFrameworksBuildPhase section */
		AF97760F2CCAC481006244E4 /* Frameworks */ = {
			isa = PBXFrameworksBuildPhase;
			buildActionMask = 2147483647;
			files = (
			);
			runOnlyForDeploymentPostprocessing = 0;
		};
/* End PBXFrameworksBuildPhase section */

/* Begin PBXGroup section */
		AF9776092CCAC481006244E4 = {
			isa = PBXGroup;
			children = (
				AF9776142CCAC481006244E4 /* hwFiveFinalVersion */,
				AF9776132CCAC481006244E4 /* Products */,
			);
			sourceTree = "<group>";
		};
		AF9776132CCAC481006244E4 /* Products */ = {
			isa = PBXGroup;
			children = (
				AF9776122CCAC481006244E4 /* hwFiveFinalVersion.app */,
			);
			name = Products;
			sourceTree = "<group>";
		};
		AF9776142CCAC481006244E4 /* hwFiveFinalVersion */ = {
			isa = PBXGroup;
			children = (
				AF97762C2CCAC4ED006244E4 /* CustomElements */,
				AF97762B2CCAC4E4006244E4 /* Controller */,
				AF97762A2CCAC4DE006244E4 /* View */,
				AF9776292CCAC4D8006244E4 /* Model */,
				AF9776152CCAC481006244E4 /* AppDelegate.swift */,
				AF9776172CCAC481006244E4 /* SceneDelegate.swift */,
				AF9776192CCAC481006244E4 /* ViewController.swift */,
				AF97761E2CCAC483006244E4 /* Assets.xcassets */,
				AF9776202CCAC483006244E4 /* LaunchScreen.storyboard */,
				AF9776232CCAC483006244E4 /* Info.plist */,
			);
			path = hwFiveFinalVersion;
			sourceTree = "<group>";
		};
		AF9776292CCAC4D8006244E4 /* Model */ = {
			isa = PBXGroup;
			children = (
			);
			path = Model;
			sourceTree = "<group>";
		};
		AF97762A2CCAC4DE006244E4 /* View */ = {
			isa = PBXGroup;
			children = (
				AF97762F2CCACADA006244E4 /* TableRelated */,
				AF97762D2CCAC791006244E4 /* MentorsListVC.swift */,
			);
			path = View;
			sourceTree = "<group>";
		};
		AF97762B2CCAC4E4006244E4 /* Controller */ = {
			isa = PBXGroup;
			children = (
			);
			path = Controller;
			sourceTree = "<group>";
		};
		AF97762C2CCAC4ED006244E4 /* CustomElements */ = {
			isa = PBXGroup;
			children = (
			);
			path = CustomElements;
			sourceTree = "<group>";
		};
		AF97762F2CCACADA006244E4 /* TableRelated */ = {
			isa = PBXGroup;
			children = (
				AF9776302CCACAFA006244E4 /* MentorCustomCell.swift */,
			);
			path = TableRelated;
			sourceTree = "<group>";
		};
/* End PBXGroup section */

/* Begin PBXNativeTarget section */
		AF9776112CCAC481006244E4 /* hwFiveFinalVersion */ = {
			isa = PBXNativeTarget;
			buildConfigurationList = AF9776262CCAC483006244E4 /* Build configuration list for PBXNativeTarget "hwFiveFinalVersion" */;
			buildPhases = (
				AF97760E2CCAC481006244E4 /* Sources */,
				AF97760F2CCAC481006244E4 /* Frameworks */,
				AF9776102CCAC481006244E4 /* Resources */,
			);
			buildRules = (
			);
			dependencies = (
			);
			name = hwFiveFinalVersion;
			productName = hwFiveFinalVersion;
			productReference = AF9776122CCAC481006244E4 /* hwFiveFinalVersion.app */;
			productType = "com.apple.product-type.application";
		};
/* End PBXNativeTarget section */

/* Begin PBXProject section */
		AF97760A2CCAC481006244E4 /* Project object */ = {
			isa = PBXProject;
			attributes = {
				BuildIndependentTargetsInParallel = 1;
				LastSwiftUpdateCheck = 1420;
				LastUpgradeCheck = 1420;
				TargetAttributes = {
					AF9776112CCAC481006244E4 = {
						CreatedOnToolsVersion = 14.2;
					};
				};
			};
			buildConfigurationList = AF97760D2CCAC481006244E4 /* Build configuration list for PBXProject "hwFiveFinalVersion" */;
			compatibilityVersion = "Xcode 14.0";
			developmentRegion = en;
			hasScannedForEncodings = 0;
			knownRegions = (
				en,
				Base,
			);
			mainGroup = AF9776092CCAC481006244E4;
			productRefGroup = AF9776132CCAC481006244E4 /* Products */;
			projectDirPath = "";
			projectRoot = "";
			targets = (
				AF9776112CCAC481006244E4 /* hwFiveFinalVersion */,
			);
		};
/* End PBXProject section */

/* Begin PBXResourcesBuildPhase section */
		AF9776102CCAC481006244E4 /* Resources */ = {
			isa = PBXResourcesBuildPhase;
			buildActionMask = 2147483647;
			files = (
				AF9776222CCAC483006244E4 /* LaunchScreen.storyboard in Resources */,
				AF97761F2CCAC483006244E4 /* Assets.xcassets in Resources */,
			);
			runOnlyForDeploymentPostprocessing = 0;
		};
/* End PBXResourcesBuildPhase section */

/* Begin PBXSourcesBuildPhase section */
		AF97760E2CCAC481006244E4 /* Sources */ = {
			isa = PBXSourcesBuildPhase;
			buildActionMask = 2147483647;
			files = (
				AF9776312CCACAFA006244E4 /* MentorCustomCell.swift in Sources */,
				AF97761A2CCAC481006244E4 /* ViewController.swift in Sources */,
				AF9776162CCAC481006244E4 /* AppDelegate.swift in Sources */,
				AF9776182CCAC481006244E4 /* SceneDelegate.swift in Sources */,
				AF97762E2CCAC791006244E4 /* MentorsListVC.swift in Sources */,
			);
			runOnlyForDeploymentPostprocessing = 0;
		};
/* End PBXSourcesBuildPhase section */

/* Begin PBXVariantGroup section */
		AF9776202CCAC483006244E4 /* LaunchScreen.storyboard */ = {
			isa = PBXVariantGroup;
			children = (
				AF9776212CCAC483006244E4 /* Base */,
			);
			name = LaunchScreen.storyboard;
			sourceTree = "<group>";
		};
/* End PBXVariantGroup section */

/* Begin XCBuildConfiguration section */
		AF9776242CCAC483006244E4 /* Debug */ = {
			isa = XCBuildConfiguration;
			buildSettings = {
				ALWAYS_SEARCH_USER_PATHS = NO;
				CLANG_ANALYZER_NONNULL = YES;
				CLANG_ANALYZER_NUMBER_OBJECT_CONVERSION = YES_AGGRESSIVE;
				CLANG_CXX_LANGUAGE_STANDARD = "gnu++20";
				CLANG_ENABLE_MODULES = YES;
				CLANG_ENABLE_OBJC_ARC = YES;
				CLANG_ENABLE_OBJC_WEAK = YES;
				CLANG_WARN_BLOCK_CAPTURE_AUTORELEASING = YES;
				CLANG_WARN_BOOL_CONVERSION = YES;
				CLANG_WARN_COMMA = YES;
				CLANG_WARN_CONSTANT_CONVERSION = YES;
				CLANG_WARN_DEPRECATED_OBJC_IMPLEMENTATIONS = YES;
				CLANG_WARN_DIRECT_OBJC_ISA_USAGE = YES_ERROR;
				CLANG_WARN_DOCUMENTATION_COMMENTS = YES;
				CLANG_WARN_EMPTY_BODY = YES;
				CLANG_WARN_ENUM_CONVERSION = YES;
				CLANG_WARN_INFINITE_RECURSION = YES;
				CLANG_WARN_INT_CONVERSION = YES;
				CLANG_WARN_NON_LITERAL_NULL_CONVERSION = YES;
				CLANG_WARN_OBJC_IMPLICIT_RETAIN_SELF = YES;
				CLANG_WARN_OBJC_LITERAL_CONVERSION = YES;
				CLANG_WARN_OBJC_ROOT_CLASS = YES_ERROR;
				CLANG_WARN_QUOTED_INCLUDE_IN_FRAMEWORK_HEADER = YES;
				CLANG_WARN_RANGE_LOOP_ANALYSIS = YES;
				CLANG_WARN_STRICT_PROTOTYPES = YES;
				CLANG_WARN_SUSPICIOUS_MOVE = YES;
				CLANG_WARN_UNGUARDED_AVAILABILITY = YES_AGGRESSIVE;
				CLANG_WARN_UNREACHABLE_CODE = YES;
				CLANG_WARN__DUPLICATE_METHOD_MATCH = YES;
				COPY_PHASE_STRIP = NO;
				DEBUG_INFORMATION_FORMAT = dwarf;
				ENABLE_STRICT_OBJC_MSGSEND = YES;
				ENABLE_TESTABILITY = YES;
				GCC_C_LANGUAGE_STANDARD = gnu11;
				GCC_DYNAMIC_NO_PIC = NO;
				GCC_NO_COMMON_BLOCKS = YES;
				GCC_OPTIMIZATION_LEVEL = 0;
				GCC_PREPROCESSOR_DEFINITIONS = (
					"DEBUG=1",
					"$(inherited)",
				);
				GCC_WARN_64_TO_32_BIT_CONVERSION = YES;
				GCC_WARN_ABOUT_RETURN_TYPE = YES_ERROR;
				GCC_WARN_UNDECLARED_SELECTOR = YES;
				GCC_WARN_UNINITIALIZED_AUTOS = YES_AGGRESSIVE;
				GCC_WARN_UNUSED_FUNCTION = YES;
				GCC_WARN_UNUSED_VARIABLE = YES;
				IPHONEOS_DEPLOYMENT_TARGET = 16.2;
				MTL_ENABLE_DEBUG_INFO = INCLUDE_SOURCE;
				MTL_FAST_MATH = YES;
				ONLY_ACTIVE_ARCH = YES;
				SDKROOT = iphoneos;
				SWIFT_ACTIVE_COMPILATION_CONDITIONS = DEBUG;
				SWIFT_OPTIMIZATION_LEVEL = "-Onone";
			};
			name = Debug;
		};
		AF9776252CCAC483006244E4 /* Release */ = {
			isa = XCBuildConfiguration;
			buildSettings = {
				ALWAYS_SEARCH_USER_PATHS = NO;
				CLANG_ANALYZER_NONNULL = YES;
				CLANG_ANALYZER_NUMBER_OBJECT_CONVERSION = YES_AGGRESSIVE;
				CLANG_CXX_LANGUAGE_STANDARD = "gnu++20";
				CLANG_ENABLE_MODULES = YES;
				CLANG_ENABLE_OBJC_ARC = YES;
				CLANG_ENABLE_OBJC_WEAK = YES;
				CLANG_WARN_BLOCK_CAPTURE_AUTORELEASING = YES;
				CLANG_WARN_BOOL_CONVERSION = YES;
				CLANG_WARN_COMMA = YES;
				CLANG_WARN_CONSTANT_CONVERSION = YES;
				CLANG_WARN_DEPRECATED_OBJC_IMPLEMENTATIONS = YES;
				CLANG_WARN_DIRECT_OBJC_ISA_USAGE = YES_ERROR;
				CLANG_WARN_DOCUMENTATION_COMMENTS = YES;
				CLANG_WARN_EMPTY_BODY = YES;
				CLANG_WARN_ENUM_CONVERSION = YES;
				CLANG_WARN_INFINITE_RECURSION = YES;
				CLANG_WARN_INT_CONVERSION = YES;
				CLANG_WARN_NON_LITERAL_NULL_CONVERSION = YES;
				CLANG_WARN_OBJC_IMPLICIT_RETAIN_SELF = YES;
				CLANG_WARN_OBJC_LITERAL_CONVERSION = YES;
				CLANG_WARN_OBJC_ROOT_CLASS = YES_ERROR;
				CLANG_WARN_QUOTED_INCLUDE_IN_FRAMEWORK_HEADER = YES;
				CLANG_WARN_RANGE_LOOP_ANALYSIS = YES;
				CLANG_WARN_STRICT_PROTOTYPES = YES;
				CLANG_WARN_SUSPICIOUS_MOVE = YES;
				CLANG_WARN_UNGUARDED_AVAILABILITY = YES_AGGRESSIVE;
				CLANG_WARN_UNREACHABLE_CODE = YES;
				CLANG_WARN__DUPLICATE_METHOD_MATCH = YES;
				COPY_PHASE_STRIP = NO;
				DEBUG_INFORMATION_FORMAT = "dwarf-with-dsym";
				ENABLE_NS_ASSERTIONS = NO;
				ENABLE_STRICT_OBJC_MSGSEND = YES;
				GCC_C_LANGUAGE_STANDARD = gnu11;
				GCC_NO_COMMON_BLOCKS = YES;
				GCC_WARN_64_TO_32_BIT_CONVERSION = YES;
				GCC_WARN_ABOUT_RETURN_TYPE = YES_ERROR;
				GCC_WARN_UNDECLARED_SELECTOR = YES;
				GCC_WARN_UNINITIALIZED_AUTOS = YES_AGGRESSIVE;
				GCC_WARN_UNUSED_FUNCTION = YES;
				GCC_WARN_UNUSED_VARIABLE = YES;
				IPHONEOS_DEPLOYMENT_TARGET = 16.2;
				MTL_ENABLE_DEBUG_INFO = NO;
				MTL_FAST_MATH = YES;
				SDKROOT = iphoneos;
				SWIFT_COMPILATION_MODE = wholemodule;
				SWIFT_OPTIMIZATION_LEVEL = "-O";
				VALIDATE_PRODUCT = YES;
			};
			name = Release;
		};
		AF9776272CCAC483006244E4 /* Debug */ = {
			isa = XCBuildConfiguration;
			buildSettings = {
				ASSETCATALOG_COMPILER_APPICON_NAME = AppIcon;
				ASSETCATALOG_COMPILER_GLOBAL_ACCENT_COLOR_NAME = AccentColor;
				CODE_SIGN_STYLE = Automatic;
				CURRENT_PROJECT_VERSION = 1;
				GENERATE_INFOPLIST_FILE = YES;
				INFOPLIST_FILE = hwFiveFinalVersion/Info.plist;
				INFOPLIST_KEY_UIApplicationSupportsIndirectInputEvents = YES;
				INFOPLIST_KEY_UILaunchStoryboardName = LaunchScreen;
				INFOPLIST_KEY_UISupportedInterfaceOrientations_iPad = "UIInterfaceOrientationPortrait UIInterfaceOrientationPortraitUpsideDown UIInterfaceOrientationLandscapeLeft UIInterfaceOrientationLandscapeRight";
				INFOPLIST_KEY_UISupportedInterfaceOrientations_iPhone = "UIInterfaceOrientationPortrait UIInterfaceOrientationLandscapeLeft UIInterfaceOrientationLandscapeRight";
				LD_RUNPATH_SEARCH_PATHS = (
					"$(inherited)",
					"@executable_path/Frameworks",
				);
				MARKETING_VERSION = 1.0;
				PRODUCT_BUNDLE_IDENTIFIER = com.alexandr.hwFiveFinalVersion;
				PRODUCT_NAME = "$(TARGET_NAME)";
				SWIFT_EMIT_LOC_STRINGS = YES;
				SWIFT_VERSION = 5.0;
				TARGETED_DEVICE_FAMILY = "1,2";
			};
			name = Debug;
		};
		AF9776282CCAC483006244E4 /* Release */ = {
			isa = XCBuildConfiguration;
			buildSettings = {
				ASSETCATALOG_COMPILER_APPICON_NAME = AppIcon;
				ASSETCATALOG_COMPILER_GLOBAL_ACCENT_COLOR_NAME = AccentColor;
				CODE_SIGN_STYLE = Automatic;
				CURRENT_PROJECT_VERSION = 1;
				GENERATE_INFOPLIST_FILE = YES;
				INFOPLIST_FILE = hwFiveFinalVersion/Info.plist;
				INFOPLIST_KEY_UIApplicationSupportsIndirectInputEvents = YES;
				INFOPLIST_KEY_UILaunchStoryboardName = LaunchScreen;
				INFOPLIST_KEY_UISupportedInterfaceOrientations_iPad = "UIInterfaceOrientationPortrait UIInterfaceOrientationPortraitUpsideDown UIInterfaceOrientationLandscapeLeft UIInterfaceOrientationLandscapeRight";
				INFOPLIST_KEY_UISupportedInterfaceOrientations_iPhone = "UIInterfaceOrientationPortrait UIInterfaceOrientationLandscapeLeft UIInterfaceOrientationLandscapeRight";
				LD_RUNPATH_SEARCH_PATHS = (
					"$(inherited)",
					"@executable_path/Frameworks",
				);
				MARKETING_VERSION = 1.0;
				PRODUCT_BUNDLE_IDENTIFIER = com.alexandr.hwFiveFinalVersion;
				PRODUCT_NAME = "$(TARGET_NAME)";
				SWIFT_EMIT_LOC_STRINGS = YES;
				SWIFT_VERSION = 5.0;
				TARGETED_DEVICE_FAMILY = "1,2";
			};
			name = Release;
		};
/* End XCBuildConfiguration section */

/* Begin XCConfigurationList section */
		AF97760D2CCAC481006244E4 /* Build configuration list for PBXProject "hwFiveFinalVersion" */ = {
			isa = XCConfigurationList;
			buildConfigurations = (
				AF9776242CCAC483006244E4 /* Debug */,
				AF9776252CCAC483006244E4 /* Release */,
			);
			defaultConfigurationIsVisible = 0;
			defaultConfigurationName = Release;
		};
		AF9776262CCAC483006244E4 /* Build configuration list for PBXNativeTarget "hwFiveFinalVersion" */ = {
			isa = XCConfigurationList;
			buildConfigurations = (
				AF9776272CCAC483006244E4 /* Debug */,
				AF9776282CCAC483006244E4 /* Release */,
			);
			defaultConfigurationIsVisible = 0;
			defaultConfigurationName = Release;
		};
/* End XCConfigurationList section */
	};
	rootObject = AF97760A2CCAC481006244E4 /* Project object */;
}
