// !$*UTF8*$!
{
	archiveVersion = 1;
	classes = {
	};
	objectVersion = 56;
	objects = {

/* Begin PBXBuildFile section */
		AF9775D82CCA357D006244E4 /* AppDelegate.swift in Sources */ = {isa = PBXBuildFile; fileRef = AF9775D72CCA357D006244E4 /* AppDelegate.swift */; };
		AF9775DA2CCA357D006244E4 /* SceneDelegate.swift in Sources */ = {isa = PBXBuildFile; fileRef = AF9775D92CCA357D006244E4 /* SceneDelegate.swift */; };
		AF9775DC2CCA357D006244E4 /* ViewController.swift in Sources */ = {isa = PBXBuildFile; fileRef = AF9775DB2CCA357D006244E4 /* ViewController.swift */; };
		AF9775E12CCA357F006244E4 /* Assets.xcassets in Resources */ = {isa = PBXBuildFile; fileRef = AF9775E02CCA357F006244E4 /* Assets.xcassets */; };
		AF9775E42CCA357F006244E4 /* LaunchScreen.storyboard in Resources */ = {isa = PBXBuildFile; fileRef = AF9775E22CCA357F006244E4 /* LaunchScreen.storyboard */; };
		AF9775F02CCA38CB006244E4 /* Model.swift in Sources */ = {isa = PBXBuildFile; fileRef = AF9775EF2CCA38CB006244E4 /* Model.swift */; };
		AF9775F22CCA3BE5006244E4 /* MainViewController.swift in Sources */ = {isa = PBXBuildFile; fileRef = AF9775F12CCA3BE5006244E4 /* MainViewController.swift */; };
		AF9775F42CCA3BFB006244E4 /* MentorsListView.swift in Sources */ = {isa = PBXBuildFile; fileRef = AF9775F32CCA3BFB006244E4 /* MentorsListView.swift */; };
		AF9775F62CCA3F50006244E4 /* helper.swift in Sources */ = {isa = PBXBuildFile; fileRef = AF9775F52CCA3F50006244E4 /* helper.swift */; };
		AF9775F92CCA4584006244E4 /* MentorInfoTableCell.swift in Sources */ = {isa = PBXBuildFile; fileRef = AF9775F82CCA4584006244E4 /* MentorInfoTableCell.swift */; };
		AF9775FB2CCA46F3006244E4 /* helperTwo.swift in Sources */ = {isa = PBXBuildFile; fileRef = AF9775FA2CCA46F3006244E4 /* helperTwo.swift */; };
		AF9775FD2CCA551A006244E4 /* MentorsInfoService.swift in Sources */ = {isa = PBXBuildFile; fileRef = AF9775FC2CCA551A006244E4 /* MentorsInfoService.swift */; };
		AF9775FF2CCA5529006244E4 /* helper3.swift in Sources */ = {isa = PBXBuildFile; fileRef = AF9775FE2CCA5529006244E4 /* helper3.swift */; };
		AF9776012CCA59F3006244E4 /* helper4.swift in Sources */ = {isa = PBXBuildFile; fileRef = AF9776002CCA59F3006244E4 /* helper4.swift */; };
/* End PBXBuildFile section */

/* Begin PBXFileReference section */
		AF9775D42CCA357D006244E4 /* Week5HW.app */ = {isa = PBXFileReference; explicitFileType = wrapper.application; includeInIndex = 0; path = Week5HW.app; sourceTree = BUILT_PRODUCTS_DIR; };
		AF9775D72CCA357D006244E4 /* AppDelegate.swift */ = {isa = PBXFileReference; lastKnownFileType = sourcecode.swift; path = AppDelegate.swift; sourceTree = "<group>"; };
		AF9775D92CCA357D006244E4 /* SceneDelegate.swift */ = {isa = PBXFileReference; lastKnownFileType = sourcecode.swift; path = SceneDelegate.swift; sourceTree = "<group>"; };
		AF9775DB2CCA357D006244E4 /* ViewController.swift */ = {isa = PBXFileReference; lastKnownFileType = sourcecode.swift; path = ViewController.swift; sourceTree = "<group>"; };
		AF9775E02CCA357F006244E4 /* Assets.xcassets */ = {isa = PBXFileReference; lastKnownFileType = folder.assetcatalog; path = Assets.xcassets; sourceTree = "<group>"; };
		AF9775E32CCA357F006244E4 /* Base */ = {isa = PBXFileReference; lastKnownFileType = file.storyboard; name = Base; path = Base.lproj/LaunchScreen.storyboard; sourceTree = "<group>"; };
		AF9775E52CCA357F006244E4 /* Info.plist */ = {isa = PBXFileReference; lastKnownFileType = text.plist.xml; path = Info.plist; sourceTree = "<group>"; };
		AF9775EF2CCA38CB006244E4 /* Model.swift */ = {isa = PBXFileReference; lastKnownFileType = sourcecode.swift; path = Model.swift; sourceTree = "<group>"; };
		AF9775F12CCA3BE5006244E4 /* MainViewController.swift */ = {isa = PBXFileReference; lastKnownFileType = sourcecode.swift; path = MainViewController.swift; sourceTree = "<group>"; };
		AF9775F32CCA3BFB006244E4 /* MentorsListView.swift */ = {isa = PBXFileReference; lastKnownFileType = sourcecode.swift; path = MentorsListView.swift; sourceTree = "<group>"; };
		AF9775F52CCA3F50006244E4 /* helper.swift */ = {isa = PBXFileReference; lastKnownFileType = sourcecode.swift; path = helper.swift; sourceTree = "<group>"; };
		AF9775F82CCA4584006244E4 /* MentorInfoTableCell.swift */ = {isa = PBXFileReference; lastKnownFileType = sourcecode.swift; path = MentorInfoTableCell.swift; sourceTree = "<group>"; };
		AF9775FA2CCA46F3006244E4 /* helperTwo.swift */ = {isa = PBXFileReference; lastKnownFileType = sourcecode.swift; path = helperTwo.swift; sourceTree = "<group>"; };
		AF9775FC2CCA551A006244E4 /* MentorsInfoService.swift */ = {isa = PBXFileReference; lastKnownFileType = sourcecode.swift; path = MentorsInfoService.swift; sourceTree = "<group>"; };
		AF9775FE2CCA5529006244E4 /* helper3.swift */ = {isa = PBXFileReference; lastKnownFileType = sourcecode.swift; path = helper3.swift; sourceTree = "<group>"; };
		AF9776002CCA59F3006244E4 /* helper4.swift */ = {isa = PBXFileReference; lastKnownFileType = sourcecode.swift; path = helper4.swift; sourceTree = "<group>"; };
/* End PBXFileReference section */

/* Begin PBXFrameworksBuildPhase section */
		AF9775D12CCA357D006244E4 /* Frameworks */ = {
			isa = PBXFrameworksBuildPhase;
			buildActionMask = 2147483647;
			files = (
			);
			runOnlyForDeploymentPostprocessing = 0;
		};
/* End PBXFrameworksBuildPhase section */

/* Begin PBXGroup section */
		AF9775CB2CCA357D006244E4 = {
			isa = PBXGroup;
			children = (
				AF9775D62CCA357D006244E4 /* Week5HW */,
				AF9775D52CCA357D006244E4 /* Products */,
			);
			sourceTree = "<group>";
		};
		AF9775D52CCA357D006244E4 /* Products */ = {
			isa = PBXGroup;
			children = (
				AF9775D42CCA357D006244E4 /* Week5HW.app */,
			);
			name = Products;
			sourceTree = "<group>";
		};
		AF9775D62CCA357D006244E4 /* Week5HW */ = {
			isa = PBXGroup;
			children = (
				AF9775EE2CCA375E006244E4 /* Model */,
				AF9775EC2CCA3746006244E4 /* View */,
				AF9775EB2CCA373B006244E4 /* Controller */,
				AF9775F72CCA4565006244E4 /* TableRelated */,
				AF9775D72CCA357D006244E4 /* AppDelegate.swift */,
				AF9775D92CCA357D006244E4 /* SceneDelegate.swift */,
				AF9775DB2CCA357D006244E4 /* ViewController.swift */,
				AF9775E02CCA357F006244E4 /* Assets.xcassets */,
				AF9775E22CCA357F006244E4 /* LaunchScreen.storyboard */,
				AF9775E52CCA357F006244E4 /* Info.plist */,
				AF9775F52CCA3F50006244E4 /* helper.swift */,
				AF9775FA2CCA46F3006244E4 /* helperTwo.swift */,
				AF9775FE2CCA5529006244E4 /* helper3.swift */,
				AF9776002CCA59F3006244E4 /* helper4.swift */,
			);
			path = Week5HW;
			sourceTree = "<group>";
		};
		AF9775EB2CCA373B006244E4 /* Controller */ = {
			isa = PBXGroup;
			children = (
				AF9775F12CCA3BE5006244E4 /* MainViewController.swift */,
			);
			path = Controller;
			sourceTree = "<group>";
		};
		AF9775EC2CCA3746006244E4 /* View */ = {
			isa = PBXGroup;
			children = (
				AF9775F32CCA3BFB006244E4 /* MentorsListView.swift */,
			);
			path = View;
			sourceTree = "<group>";
		};
		AF9775EE2CCA375E006244E4 /* Model */ = {
			isa = PBXGroup;
			children = (
				AF9775EF2CCA38CB006244E4 /* Model.swift */,
				AF9775FC2CCA551A006244E4 /* MentorsInfoService.swift */,
			);
			path = Model;
			sourceTree = "<group>";
		};
		AF9775F72CCA4565006244E4 /* TableRelated */ = {
			isa = PBXGroup;
			children = (
				AF9775F82CCA4584006244E4 /* MentorInfoTableCell.swift */,
			);
			path = TableRelated;
			sourceTree = "<group>";
		};
/* End PBXGroup section */

/* Begin PBXNativeTarget section */
		AF9775D32CCA357D006244E4 /* Week5HW */ = {
			isa = PBXNativeTarget;
			buildConfigurationList = AF9775E82CCA357F006244E4 /* Build configuration list for PBXNativeTarget "Week5HW" */;
			buildPhases = (
				AF9775D02CCA357D006244E4 /* Sources */,
				AF9775D12CCA357D006244E4 /* Frameworks */,
				AF9775D22CCA357D006244E4 /* Resources */,
			);
			buildRules = (
			);
			dependencies = (
			);
			name = Week5HW;
			productName = Week5HW;
			productReference = AF9775D42CCA357D006244E4 /* Week5HW.app */;
			productType = "com.apple.product-type.application";
		};
/* End PBXNativeTarget section */

/* Begin PBXProject section */
		AF9775CC2CCA357D006244E4 /* Project object */ = {
			isa = PBXProject;
			attributes = {
				BuildIndependentTargetsInParallel = 1;
				LastSwiftUpdateCheck = 1420;
				LastUpgradeCheck = 1420;
				TargetAttributes = {
					AF9775D32CCA357D006244E4 = {
						CreatedOnToolsVersion = 14.2;
					};
				};
			};
			buildConfigurationList = AF9775CF2CCA357D006244E4 /* Build configuration list for PBXProject "Week5HW" */;
			compatibilityVersion = "Xcode 14.0";
			developmentRegion = en;
			hasScannedForEncodings = 0;
			knownRegions = (
				en,
				Base,
			);
			mainGroup = AF9775CB2CCA357D006244E4;
			productRefGroup = AF9775D52CCA357D006244E4 /* Products */;
			projectDirPath = "";
			projectRoot = "";
			targets = (
				AF9775D32CCA357D006244E4 /* Week5HW */,
			);
		};
/* End PBXProject section */

/* Begin PBXResourcesBuildPhase section */
		AF9775D22CCA357D006244E4 /* Resources */ = {
			isa = PBXResourcesBuildPhase;
			buildActionMask = 2147483647;
			files = (
				AF9775E42CCA357F006244E4 /* LaunchScreen.storyboard in Resources */,
				AF9775E12CCA357F006244E4 /* Assets.xcassets in Resources */,
			);
			runOnlyForDeploymentPostprocessing = 0;
		};
/* End PBXResourcesBuildPhase section */

/* Begin PBXSourcesBuildPhase section */
		AF9775D02CCA357D006244E4 /* Sources */ = {
			isa = PBXSourcesBuildPhase;
			buildActionMask = 2147483647;
			files = (
				AF9776012CCA59F3006244E4 /* helper4.swift in Sources */,
				AF9775DC2CCA357D006244E4 /* ViewController.swift in Sources */,
				AF9775F42CCA3BFB006244E4 /* MentorsListView.swift in Sources */,
				AF9775F62CCA3F50006244E4 /* helper.swift in Sources */,
				AF9775D82CCA357D006244E4 /* AppDelegate.swift in Sources */,
				AF9775FF2CCA5529006244E4 /* helper3.swift in Sources */,
				AF9775DA2CCA357D006244E4 /* SceneDelegate.swift in Sources */,
				AF9775F92CCA4584006244E4 /* MentorInfoTableCell.swift in Sources */,
				AF9775FB2CCA46F3006244E4 /* helperTwo.swift in Sources */,
				AF9775F02CCA38CB006244E4 /* Model.swift in Sources */,
				AF9775FD2CCA551A006244E4 /* MentorsInfoService.swift in Sources */,
				AF9775F22CCA3BE5006244E4 /* MainViewController.swift in Sources */,
			);
			runOnlyForDeploymentPostprocessing = 0;
		};
/* End PBXSourcesBuildPhase section */

/* Begin PBXVariantGroup section */
		AF9775E22CCA357F006244E4 /* LaunchScreen.storyboard */ = {
			isa = PBXVariantGroup;
			children = (
				AF9775E32CCA357F006244E4 /* Base */,
			);
			name = LaunchScreen.storyboard;
			sourceTree = "<group>";
		};
/* End PBXVariantGroup section */

/* Begin XCBuildConfiguration section */
		AF9775E62CCA357F006244E4 /* Debug */ = {
			isa = XCBuildConfiguration;
			buildSettings = {
				ALWAYS_SEARCH_USER_PATHS = NO;
				CLANG_ANALYZER_NONNULL = YES;
				CLANG_ANALYZER_NUMBER_OBJECT_CONVERSION = YES_AGGRESSIVE;
				CLANG_CXX_LANGUAGE_STANDARD = "gnu++20";
				CLANG_ENABLE_MODULES = YES;
				CLANG_ENABLE_OBJC_ARC = YES;
				CLANG_ENABLE_OBJC_WEAK = YES;
				CLANG_WARN_BLOCK_CAPTURE_AUTORELEASING = YES;
				CLANG_WARN_BOOL_CONVERSION = YES;
				CLANG_WARN_COMMA = YES;
				CLANG_WARN_CONSTANT_CONVERSION = YES;
				CLANG_WARN_DEPRECATED_OBJC_IMPLEMENTATIONS = YES;
				CLANG_WARN_DIRECT_OBJC_ISA_USAGE = YES_ERROR;
				CLANG_WARN_DOCUMENTATION_COMMENTS = YES;
				CLANG_WARN_EMPTY_BODY = YES;
				CLANG_WARN_ENUM_CONVERSION = YES;
				CLANG_WARN_INFINITE_RECURSION = YES;
				CLANG_WARN_INT_CONVERSION = YES;
				CLANG_WARN_NON_LITERAL_NULL_CONVERSION = YES;
				CLANG_WARN_OBJC_IMPLICIT_RETAIN_SELF = YES;
				CLANG_WARN_OBJC_LITERAL_CONVERSION = YES;
				CLANG_WARN_OBJC_ROOT_CLASS = YES_ERROR;
				CLANG_WARN_QUOTED_INCLUDE_IN_FRAMEWORK_HEADER = YES;
				CLANG_WARN_RANGE_LOOP_ANALYSIS = YES;
				CLANG_WARN_STRICT_PROTOTYPES = YES;
				CLANG_WARN_SUSPICIOUS_MOVE = YES;
				CLANG_WARN_UNGUARDED_AVAILABILITY = YES_AGGRESSIVE;
				CLANG_WARN_UNREACHABLE_CODE = YES;
				CLANG_WARN__DUPLICATE_METHOD_MATCH = YES;
				COPY_PHASE_STRIP = NO;
				DEBUG_INFORMATION_FORMAT = dwarf;
				ENABLE_STRICT_OBJC_MSGSEND = YES;
				ENABLE_TESTABILITY = YES;
				GCC_C_LANGUAGE_STANDARD = gnu11;
				GCC_DYNAMIC_NO_PIC = NO;
				GCC_NO_COMMON_BLOCKS = YES;
				GCC_OPTIMIZATION_LEVEL = 0;
				GCC_PREPROCESSOR_DEFINITIONS = (
					"DEBUG=1",
					"$(inherited)",
				);
				GCC_WARN_64_TO_32_BIT_CONVERSION = YES;
				GCC_WARN_ABOUT_RETURN_TYPE = YES_ERROR;
				GCC_WARN_UNDECLARED_SELECTOR = YES;
				GCC_WARN_UNINITIALIZED_AUTOS = YES_AGGRESSIVE;
				GCC_WARN_UNUSED_FUNCTION = YES;
				GCC_WARN_UNUSED_VARIABLE = YES;
				IPHONEOS_DEPLOYMENT_TARGET = 16.2;
				MTL_ENABLE_DEBUG_INFO = INCLUDE_SOURCE;
				MTL_FAST_MATH = YES;
				ONLY_ACTIVE_ARCH = YES;
				SDKROOT = iphoneos;
				SWIFT_ACTIVE_COMPILATION_CONDITIONS = DEBUG;
				SWIFT_OPTIMIZATION_LEVEL = "-Onone";
			};
			name = Debug;
		};
		AF9775E72CCA357F006244E4 /* Release */ = {
			isa = XCBuildConfiguration;
			buildSettings = {
				ALWAYS_SEARCH_USER_PATHS = NO;
				CLANG_ANALYZER_NONNULL = YES;
				CLANG_ANALYZER_NUMBER_OBJECT_CONVERSION = YES_AGGRESSIVE;
				CLANG_CXX_LANGUAGE_STANDARD = "gnu++20";
				CLANG_ENABLE_MODULES = YES;
				CLANG_ENABLE_OBJC_ARC = YES;
				CLANG_ENABLE_OBJC_WEAK = YES;
				CLANG_WARN_BLOCK_CAPTURE_AUTORELEASING = YES;
				CLANG_WARN_BOOL_CONVERSION = YES;
				CLANG_WARN_COMMA = YES;
				CLANG_WARN_CONSTANT_CONVERSION = YES;
				CLANG_WARN_DEPRECATED_OBJC_IMPLEMENTATIONS = YES;
				CLANG_WARN_DIRECT_OBJC_ISA_USAGE = YES_ERROR;
				CLANG_WARN_DOCUMENTATION_COMMENTS = YES;
				CLANG_WARN_EMPTY_BODY = YES;
				CLANG_WARN_ENUM_CONVERSION = YES;
				CLANG_WARN_INFINITE_RECURSION = YES;
				CLANG_WARN_INT_CONVERSION = YES;
				CLANG_WARN_NON_LITERAL_NULL_CONVERSION = YES;
				CLANG_WARN_OBJC_IMPLICIT_RETAIN_SELF = YES;
				CLANG_WARN_OBJC_LITERAL_CONVERSION = YES;
				CLANG_WARN_OBJC_ROOT_CLASS = YES_ERROR;
				CLANG_WARN_QUOTED_INCLUDE_IN_FRAMEWORK_HEADER = YES;
				CLANG_WARN_RANGE_LOOP_ANALYSIS = YES;
				CLANG_WARN_STRICT_PROTOTYPES = YES;
				CLANG_WARN_SUSPICIOUS_MOVE = YES;
				CLANG_WARN_UNGUARDED_AVAILABILITY = YES_AGGRESSIVE;
				CLANG_WARN_UNREACHABLE_CODE = YES;
				CLANG_WARN__DUPLICATE_METHOD_MATCH = YES;
				COPY_PHASE_STRIP = NO;
				DEBUG_INFORMATION_FORMAT = "dwarf-with-dsym";
				ENABLE_NS_ASSERTIONS = NO;
				ENABLE_STRICT_OBJC_MSGSEND = YES;
				GCC_C_LANGUAGE_STANDARD = gnu11;
				GCC_NO_COMMON_BLOCKS = YES;
				GCC_WARN_64_TO_32_BIT_CONVERSION = YES;
				GCC_WARN_ABOUT_RETURN_TYPE = YES_ERROR;
				GCC_WARN_UNDECLARED_SELECTOR = YES;
				GCC_WARN_UNINITIALIZED_AUTOS = YES_AGGRESSIVE;
				GCC_WARN_UNUSED_FUNCTION = YES;
				GCC_WARN_UNUSED_VARIABLE = YES;
				IPHONEOS_DEPLOYMENT_TARGET = 16.2;
				MTL_ENABLE_DEBUG_INFO = NO;
				MTL_FAST_MATH = YES;
				SDKROOT = iphoneos;
				SWIFT_COMPILATION_MODE = wholemodule;
				SWIFT_OPTIMIZATION_LEVEL = "-O";
				VALIDATE_PRODUCT = YES;
			};
			name = Release;
		};
		AF9775E92CCA357F006244E4 /* Debug */ = {
			isa = XCBuildConfiguration;
			buildSettings = {
				ASSETCATALOG_COMPILER_APPICON_NAME = AppIcon;
				ASSETCATALOG_COMPILER_GLOBAL_ACCENT_COLOR_NAME = AccentColor;
				CODE_SIGN_STYLE = Automatic;
				CURRENT_PROJECT_VERSION = 1;
				GENERATE_INFOPLIST_FILE = YES;
				INFOPLIST_FILE = Week5HW/Info.plist;
				INFOPLIST_KEY_UIApplicationSupportsIndirectInputEvents = YES;
				INFOPLIST_KEY_UILaunchStoryboardName = LaunchScreen;
				INFOPLIST_KEY_UIMainStoryboardFile = Main;
				INFOPLIST_KEY_UISupportedInterfaceOrientations_iPad = "UIInterfaceOrientationPortrait UIInterfaceOrientationPortraitUpsideDown UIInterfaceOrientationLandscapeLeft UIInterfaceOrientationLandscapeRight";
				INFOPLIST_KEY_UISupportedInterfaceOrientations_iPhone = "UIInterfaceOrientationPortrait UIInterfaceOrientationLandscapeLeft UIInterfaceOrientationLandscapeRight";
				LD_RUNPATH_SEARCH_PATHS = (
					"$(inherited)",
					"@executable_path/Frameworks",
				);
				MARKETING_VERSION = 1.0;
				PRODUCT_BUNDLE_IDENTIFIER = com.alexandr.Week5HW;
				PRODUCT_NAME = "$(TARGET_NAME)";
				SWIFT_EMIT_LOC_STRINGS = YES;
				SWIFT_VERSION = 5.0;
				TARGETED_DEVICE_FAMILY = "1,2";
			};
			name = Debug;
		};
		AF9775EA2CCA357F006244E4 /* Release */ = {
			isa = XCBuildConfiguration;
			buildSettings = {
				ASSETCATALOG_COMPILER_APPICON_NAME = AppIcon;
				ASSETCATALOG_COMPILER_GLOBAL_ACCENT_COLOR_NAME = AccentColor;
				CODE_SIGN_STYLE = Automatic;
				CURRENT_PROJECT_VERSION = 1;
				GENERATE_INFOPLIST_FILE = YES;
				INFOPLIST_FILE = Week5HW/Info.plist;
				INFOPLIST_KEY_UIApplicationSupportsIndirectInputEvents = YES;
				INFOPLIST_KEY_UILaunchStoryboardName = LaunchScreen;
				INFOPLIST_KEY_UIMainStoryboardFile = Main;
				INFOPLIST_KEY_UISupportedInterfaceOrientations_iPad = "UIInterfaceOrientationPortrait UIInterfaceOrientationPortraitUpsideDown UIInterfaceOrientationLandscapeLeft UIInterfaceOrientationLandscapeRight";
				INFOPLIST_KEY_UISupportedInterfaceOrientations_iPhone = "UIInterfaceOrientationPortrait UIInterfaceOrientationLandscapeLeft UIInterfaceOrientationLandscapeRight";
				LD_RUNPATH_SEARCH_PATHS = (
					"$(inherited)",
					"@executable_path/Frameworks",
				);
				MARKETING_VERSION = 1.0;
				PRODUCT_BUNDLE_IDENTIFIER = com.alexandr.Week5HW;
				PRODUCT_NAME = "$(TARGET_NAME)";
				SWIFT_EMIT_LOC_STRINGS = YES;
				SWIFT_VERSION = 5.0;
				TARGETED_DEVICE_FAMILY = "1,2";
			};
			name = Release;
		};
/* End XCBuildConfiguration section */

/* Begin XCConfigurationList section */
		AF9775CF2CCA357D006244E4 /* Build configuration list for PBXProject "Week5HW" */ = {
			isa = XCConfigurationList;
			buildConfigurations = (
				AF9775E62CCA357F006244E4 /* Debug */,
				AF9775E72CCA357F006244E4 /* Release */,
			);
			defaultConfigurationIsVisible = 0;
			defaultConfigurationName = Release;
		};
		AF9775E82CCA357F006244E4 /* Build configuration list for PBXNativeTarget "Week5HW" */ = {
			isa = XCConfigurationList;
			buildConfigurations = (
				AF9775E92CCA357F006244E4 /* Debug */,
				AF9775EA2CCA357F006244E4 /* Release */,
			);
			defaultConfigurationIsVisible = 0;
			defaultConfigurationName = Release;
		};
/* End XCConfigurationList section */
	};
	rootObject = AF9775CC2CCA357D006244E4 /* Project object */;
}
